
Microsoft Visual Studio Solution File, Format Version 12.00
# Visual Studio Version 17
VisualStudioVersion = 17.9.34622.214
MinimumVisualStudioVersion = 10.0.40219.1
Project("{9A19103F-16F7-4668-BE54-9A1E7A4F7556}") = "WebService.Application", "Project_Credentials\WebService.Application.csproj", "{CF64FD75-37B7-40E1-8ADF-9BB9D341DA5F}"
EndProject
Project("{2150E333-8FDC-42A3-9474-1A3956D46DE8}") = "Infraestructure", "Infraestructure", "{7348E29C-5426-493C-BAD6-65566DD82BEB}"
EndProject
Project("{9A19103F-16F7-4668-BE54-9A1E7A4F7556}") = "WebService.Infrastructure", "WebService.Infrastructure\WebService.Infrastructure.csproj", "{5D36EB4F-C18B-45DB-A447-5E20C494DCC0}"
EndProject
Project("{2150E333-8FDC-42A3-9474-1A3956D46DE8}") = "Application", "Application", "{82B2673A-56F8-4279-986D-BD5F4E537BEC}"
EndProject
Project("{2150E333-8FDC-42A3-9474-1A3956D46DE8}") = "Domain", "Domain", "{65EDCE38-E58A-43E2-A60C-8FC75C3C365C}"
EndProject
Project("{9A19103F-16F7-4668-BE54-9A1E7A4F7556}") = "WebService.Domain", "WebService.Domain\WebService.Domain.csproj", "{58579B7C-3898-453F-B4C6-07243A6576C5}"
EndProject
Project("{2150E333-8FDC-42A3-9474-1A3956D46DE8}") = "Core", "Core", "{4C53B972-D9EE-4D09-B551-351851FCAFF0}"
EndProject
Project("{9A19103F-16F7-4668-BE54-9A1E7A4F7556}") = "WebService.Core", "WebService.Core\WebService.Core.csproj", "{F2311D74-18A5-4B44-AD9E-638EADA9D604}"
EndProject
Project("{2150E333-8FDC-42A3-9474-1A3956D46DE8}") = "Solution Items", "Solution Items", "{A6E8EFAC-D7D2-48AF-9733-4F8CDC2B440A}"
	ProjectSection(SolutionItems) = preProject
		.editorconfig = .editorconfig
	EndProjectSection
EndProject
Global
	GlobalSection(SolutionConfigurationPlatforms) = preSolution
		Debug|Any CPU = Debug|Any CPU
		Release|Any CPU = Release|Any CPU
	EndGlobalSection
	GlobalSection(ProjectConfigurationPlatforms) = postSolution
		{CF64FD75-37B7-40E1-8ADF-9BB9D341DA5F}.Debug|Any CPU.ActiveCfg = Debug|Any CPU
		{CF64FD75-37B7-40E1-8ADF-9BB9D341DA5F}.Debug|Any CPU.Build.0 = Debug|Any CPU
		{CF64FD75-37B7-40E1-8ADF-9BB9D341DA5F}.Release|Any CPU.ActiveCfg = Release|Any CPU
		{CF64FD75-37B7-40E1-8ADF-9BB9D341DA5F}.Release|Any CPU.Build.0 = Release|Any CPU
		{5D36EB4F-C18B-45DB-A447-5E20C494DCC0}.Debug|Any CPU.ActiveCfg = Debug|Any CPU
		{5D36EB4F-C18B-45DB-A447-5E20C494DCC0}.Debug|Any CPU.Build.0 = Debug|Any CPU
		{5D36EB4F-C18B-45DB-A447-5E20C494DCC0}.Release|Any CPU.ActiveCfg = Release|Any CPU
		{5D36EB4F-C18B-45DB-A447-5E20C494DCC0}.Release|Any CPU.Build.0 = Release|Any CPU
		{58579B7C-3898-453F-B4C6-07243A6576C5}.Debug|Any CPU.ActiveCfg = Debug|Any CPU
		{58579B7C-3898-453F-B4C6-07243A6576C5}.Debug|Any CPU.Build.0 = Debug|Any CPU
		{58579B7C-3898-453F-B4C6-07243A6576C5}.Release|Any CPU.ActiveCfg = Release|Any CPU
		{58579B7C-3898-453F-B4C6-07243A6576C5}.Release|Any CPU.Build.0 = Release|Any CPU
		{F2311D74-18A5-4B44-AD9E-638EADA9D604}.Debug|Any CPU.ActiveCfg = Debug|Any CPU
		{F2311D74-18A5-4B44-AD9E-638EADA9D604}.Debug|Any CPU.Build.0 = Debug|Any CPU
		{F2311D74-18A5-4B44-AD9E-638EADA9D604}.Release|Any CPU.ActiveCfg = Release|Any CPU
		{F2311D74-18A5-4B44-AD9E-638EADA9D604}.Release|Any CPU.Build.0 = Release|Any CPU
	EndGlobalSection
	GlobalSection(SolutionProperties) = preSolution
		HideSolutionNode = FALSE
	EndGlobalSection
	GlobalSection(NestedProjects) = preSolution
		{CF64FD75-37B7-40E1-8ADF-9BB9D341DA5F} = {82B2673A-56F8-4279-986D-BD5F4E537BEC}
		{5D36EB4F-C18B-45DB-A447-5E20C494DCC0} = {7348E29C-5426-493C-BAD6-65566DD82BEB}
		{58579B7C-3898-453F-B4C6-07243A6576C5} = {65EDCE38-E58A-43E2-A60C-8FC75C3C365C}
		{F2311D74-18A5-4B44-AD9E-638EADA9D604} = {4C53B972-D9EE-4D09-B551-351851FCAFF0}
	EndGlobalSection
	GlobalSection(ExtensibilityGlobals) = postSolution
		SolutionGuid = {FD424ACF-27BF-4F3B-BF09-799F1EE237EB}
	EndGlobalSection
EndGlobal
